// !$*UTF8*$!
{
	archiveVersion = 1;
	classes = {
	};
	objectVersion = 56;
	objects = {

/* Begin PBXBuildFile section */
		15F67AFF2BF2177100EC8BC6 /* um_iosApp.swift in Sources */ = {isa = PBXBuildFile; fileRef = 15F67AFE2BF2177100EC8BC6 /* um_iosApp.swift */; };
		15F67B012BF2177100EC8BC6 /* ContentView.swift in Sources */ = {isa = PBXBuildFile; fileRef = 15F67B002BF2177100EC8BC6 /* ContentView.swift */; };
		15F67B032BF2177300EC8BC6 /* Assets.xcassets in Resources */ = {isa = PBXBuildFile; fileRef = 15F67B022BF2177300EC8BC6 /* Assets.xcassets */; };
		15F67B062BF2177300EC8BC6 /* Preview Assets.xcassets in Resources */ = {isa = PBXBuildFile; fileRef = 15F67B052BF2177300EC8BC6 /* Preview Assets.xcassets */; };
		15F67B102BF2177300EC8BC6 /* um_iosTests.swift in Sources */ = {isa = PBXBuildFile; fileRef = 15F67B0F2BF2177300EC8BC6 /* um_iosTests.swift */; };
		15F67B1A2BF2177300EC8BC6 /* um_iosUITests.swift in Sources */ = {isa = PBXBuildFile; fileRef = 15F67B192BF2177300EC8BC6 /* um_iosUITests.swift */; };
		15F67B1C2BF2177300EC8BC6 /* um_iosUITestsLaunchTests.swift in Sources */ = {isa = PBXBuildFile; fileRef = 15F67B1B2BF2177300EC8BC6 /* um_iosUITestsLaunchTests.swift */; };
		15F67B292BF2AB4A00EC8BC6 /* ViewRestaurantCard.swift in Sources */ = {isa = PBXBuildFile; fileRef = 15F67B282BF2AB4A00EC8BC6 /* ViewRestaurantCard.swift */; };
		15F67B2B2BF2ABAE00EC8BC6 /* Styles.swift in Sources */ = {isa = PBXBuildFile; fileRef = 15F67B2A2BF2ABAE00EC8BC6 /* Styles.swift */; };
		15F67B2D2BF2ABF600EC8BC6 /* Restaurant.swift in Sources */ = {isa = PBXBuildFile; fileRef = 15F67B2C2BF2ABF600EC8BC6 /* Restaurant.swift */; };
/* End PBXBuildFile section */

/* Begin PBXContainerItemProxy section */
		15F67B0C2BF2177300EC8BC6 /* PBXContainerItemProxy */ = {
			isa = PBXContainerItemProxy;
			containerPortal = 15F67AF32BF2177100EC8BC6 /* Project object */;
			proxyType = 1;
			remoteGlobalIDString = 15F67AFA2BF2177100EC8BC6;
			remoteInfo = "um-ios";
		};
		15F67B162BF2177300EC8BC6 /* PBXContainerItemProxy */ = {
			isa = PBXContainerItemProxy;
			containerPortal = 15F67AF32BF2177100EC8BC6 /* Project object */;
			proxyType = 1;
			remoteGlobalIDString = 15F67AFA2BF2177100EC8BC6;
			remoteInfo = "um-ios";
		};
/* End PBXContainerItemProxy section */

/* Begin PBXFileReference section */
		15F67AFB2BF2177100EC8BC6 /* um-ios.app */ = {isa = PBXFileReference; explicitFileType = wrapper.application; includeInIndex = 0; path = "um-ios.app"; sourceTree = BUILT_PRODUCTS_DIR; };
		15F67AFE2BF2177100EC8BC6 /* um_iosApp.swift */ = {isa = PBXFileReference; lastKnownFileType = sourcecode.swift; path = um_iosApp.swift; sourceTree = "<group>"; };
		15F67B002BF2177100EC8BC6 /* ContentView.swift */ = {isa = PBXFileReference; lastKnownFileType = sourcecode.swift; path = ContentView.swift; sourceTree = "<group>"; };
		15F67B022BF2177300EC8BC6 /* Assets.xcassets */ = {isa = PBXFileReference; lastKnownFileType = folder.assetcatalog; path = Assets.xcassets; sourceTree = "<group>"; };
		15F67B052BF2177300EC8BC6 /* Preview Assets.xcassets */ = {isa = PBXFileReference; lastKnownFileType = folder.assetcatalog; path = "Preview Assets.xcassets"; sourceTree = "<group>"; };
		15F67B0B2BF2177300EC8BC6 /* um-iosTests.xctest */ = {isa = PBXFileReference; explicitFileType = wrapper.cfbundle; includeInIndex = 0; path = "um-iosTests.xctest"; sourceTree = BUILT_PRODUCTS_DIR; };
		15F67B0F2BF2177300EC8BC6 /* um_iosTests.swift */ = {isa = PBXFileReference; lastKnownFileType = sourcecode.swift; path = um_iosTests.swift; sourceTree = "<group>"; };
		15F67B152BF2177300EC8BC6 /* um-iosUITests.xctest */ = {isa = PBXFileReference; explicitFileType = wrapper.cfbundle; includeInIndex = 0; path = "um-iosUITests.xctest"; sourceTree = BUILT_PRODUCTS_DIR; };
		15F67B192BF2177300EC8BC6 /* um_iosUITests.swift */ = {isa = PBXFileReference; lastKnownFileType = sourcecode.swift; path = um_iosUITests.swift; sourceTree = "<group>"; };
		15F67B1B2BF2177300EC8BC6 /* um_iosUITestsLaunchTests.swift */ = {isa = PBXFileReference; lastKnownFileType = sourcecode.swift; path = um_iosUITestsLaunchTests.swift; sourceTree = "<group>"; };
		15F67B282BF2AB4A00EC8BC6 /* ViewRestaurantCard.swift */ = {isa = PBXFileReference; lastKnownFileType = sourcecode.swift; path = ViewRestaurantCard.swift; sourceTree = "<group>"; };
		15F67B2A2BF2ABAE00EC8BC6 /* Styles.swift */ = {isa = PBXFileReference; lastKnownFileType = sourcecode.swift; path = Styles.swift; sourceTree = "<group>"; };
		15F67B2C2BF2ABF600EC8BC6 /* Restaurant.swift */ = {isa = PBXFileReference; lastKnownFileType = sourcecode.swift; path = Restaurant.swift; sourceTree = "<group>"; };
/* End PBXFileReference section */

/* Begin PBXFrameworksBuildPhase section */
		15F67AF82BF2177100EC8BC6 /* Frameworks */ = {
			isa = PBXFrameworksBuildPhase;
			buildActionMask = 2147483647;
			files = (
			);
			runOnlyForDeploymentPostprocessing = 0;
		};
		15F67B082BF2177300EC8BC6 /* Frameworks */ = {
			isa = PBXFrameworksBuildPhase;
			buildActionMask = 2147483647;
			files = (
			);
			runOnlyForDeploymentPostprocessing = 0;
		};
		15F67B122BF2177300EC8BC6 /* Frameworks */ = {
			isa = PBXFrameworksBuildPhase;
			buildActionMask = 2147483647;
			files = (
			);
			runOnlyForDeploymentPostprocessing = 0;
		};
/* End PBXFrameworksBuildPhase section */

/* Begin PBXGroup section */
		15F67AF22BF2177100EC8BC6 = {
			isa = PBXGroup;
			children = (
				15F67AFD2BF2177100EC8BC6 /* um-ios */,
				15F67B0E2BF2177300EC8BC6 /* um-iosTests */,
				15F67B182BF2177300EC8BC6 /* um-iosUITests */,
				15F67AFC2BF2177100EC8BC6 /* Products */,
			);
			sourceTree = "<group>";
		};
		15F67AFC2BF2177100EC8BC6 /* Products */ = {
			isa = PBXGroup;
			children = (
				15F67AFB2BF2177100EC8BC6 /* um-ios.app */,
				15F67B0B2BF2177300EC8BC6 /* um-iosTests.xctest */,
				15F67B152BF2177300EC8BC6 /* um-iosUITests.xctest */,
			);
			name = Products;
			sourceTree = "<group>";
		};
		15F67AFD2BF2177100EC8BC6 /* um-ios */ = {
			isa = PBXGroup;
			children = (
				15F67AFE2BF2177100EC8BC6 /* um_iosApp.swift */,
				15F67B002BF2177100EC8BC6 /* ContentView.swift */,
				15F67B282BF2AB4A00EC8BC6 /* ViewRestaurantCard.swift */,
				15F67B2A2BF2ABAE00EC8BC6 /* Styles.swift */,
				15F67B2C2BF2ABF600EC8BC6 /* Restaurant.swift */,
				15F67B022BF2177300EC8BC6 /* Assets.xcassets */,
				15F67B042BF2177300EC8BC6 /* Preview Content */,
			);
			path = "um-ios";
			sourceTree = "<group>";
		};
		15F67B042BF2177300EC8BC6 /* Preview Content */ = {
			isa = PBXGroup;
			children = (
				15F67B052BF2177300EC8BC6 /* Preview Assets.xcassets */,
			);
			path = "Preview Content";
			sourceTree = "<group>";
		};
		15F67B0E2BF2177300EC8BC6 /* um-iosTests */ = {
			isa = PBXGroup;
			children = (
				15F67B0F2BF2177300EC8BC6 /* um_iosTests.swift */,
			);
			path = "um-iosTests";
			sourceTree = "<group>";
		};
		15F67B182BF2177300EC8BC6 /* um-iosUITests */ = {
			isa = PBXGroup;
			children = (
				15F67B192BF2177300EC8BC6 /* um_iosUITests.swift */,
				15F67B1B2BF2177300EC8BC6 /* um_iosUITestsLaunchTests.swift */,
			);
			path = "um-iosUITests";
			sourceTree = "<group>";
		};
/* End PBXGroup section */

/* Begin PBXNativeTarget section */
		15F67AFA2BF2177100EC8BC6 /* um-ios */ = {
			isa = PBXNativeTarget;
			buildConfigurationList = 15F67B1F2BF2177300EC8BC6 /* Build configuration list for PBXNativeTarget "um-ios" */;
			buildPhases = (
				15F67AF72BF2177100EC8BC6 /* Sources */,
				15F67AF82BF2177100EC8BC6 /* Frameworks */,
				15F67AF92BF2177100EC8BC6 /* Resources */,
			);
			buildRules = (
			);
			dependencies = (
			);
			name = "um-ios";
			productName = "um-ios";
			productReference = 15F67AFB2BF2177100EC8BC6 /* um-ios.app */;
			productType = "com.apple.product-type.application";
		};
		15F67B0A2BF2177300EC8BC6 /* um-iosTests */ = {
			isa = PBXNativeTarget;
			buildConfigurationList = 15F67B222BF2177300EC8BC6 /* Build configuration list for PBXNativeTarget "um-iosTests" */;
			buildPhases = (
				15F67B072BF2177300EC8BC6 /* Sources */,
				15F67B082BF2177300EC8BC6 /* Frameworks */,
				15F67B092BF2177300EC8BC6 /* Resources */,
			);
			buildRules = (
			);
			dependencies = (
				15F67B0D2BF2177300EC8BC6 /* PBXTargetDependency */,
			);
			name = "um-iosTests";
			productName = "um-iosTests";
			productReference = 15F67B0B2BF2177300EC8BC6 /* um-iosTests.xctest */;
			productType = "com.apple.product-type.bundle.unit-test";
		};
		15F67B142BF2177300EC8BC6 /* um-iosUITests */ = {
			isa = PBXNativeTarget;
			buildConfigurationList = 15F67B252BF2177300EC8BC6 /* Build configuration list for PBXNativeTarget "um-iosUITests" */;
			buildPhases = (
				15F67B112BF2177300EC8BC6 /* Sources */,
				15F67B122BF2177300EC8BC6 /* Frameworks */,
				15F67B132BF2177300EC8BC6 /* Resources */,
			);
			buildRules = (
			);
			dependencies = (
				15F67B172BF2177300EC8BC6 /* PBXTargetDependency */,
			);
			name = "um-iosUITests";
			productName = "um-iosUITests";
			productReference = 15F67B152BF2177300EC8BC6 /* um-iosUITests.xctest */;
			productType = "com.apple.product-type.bundle.ui-testing";
		};
/* End PBXNativeTarget section */

/* Begin PBXProject section */
		15F67AF32BF2177100EC8BC6 /* Project object */ = {
			isa = PBXProject;
			attributes = {
				BuildIndependentTargetsInParallel = 1;
				LastSwiftUpdateCheck = 1530;
				LastUpgradeCheck = 1530;
				TargetAttributes = {
					15F67AFA2BF2177100EC8BC6 = {
						CreatedOnToolsVersion = 15.3;
					};
					15F67B0A2BF2177300EC8BC6 = {
						CreatedOnToolsVersion = 15.3;
						TestTargetID = 15F67AFA2BF2177100EC8BC6;
					};
					15F67B142BF2177300EC8BC6 = {
						CreatedOnToolsVersion = 15.3;
						TestTargetID = 15F67AFA2BF2177100EC8BC6;
					};
				};
			};
			buildConfigurationList = 15F67AF62BF2177100EC8BC6 /* Build configuration list for PBXProject "um-ios" */;
			compatibilityVersion = "Xcode 14.0";
			developmentRegion = en;
			hasScannedForEncodings = 0;
			knownRegions = (
				en,
				Base,
			);
			mainGroup = 15F67AF22BF2177100EC8BC6;
			productRefGroup = 15F67AFC2BF2177100EC8BC6 /* Products */;
			projectDirPath = "";
			projectRoot = "";
			targets = (
				15F67AFA2BF2177100EC8BC6 /* um-ios */,
				15F67B0A2BF2177300EC8BC6 /* um-iosTests */,
				15F67B142BF2177300EC8BC6 /* um-iosUITests */,
			);
		};
/* End PBXProject section */

/* Begin PBXResourcesBuildPhase section */
		15F67AF92BF2177100EC8BC6 /* Resources */ = {
			isa = PBXResourcesBuildPhase;
			buildActionMask = 2147483647;
			files = (
				15F67B062BF2177300EC8BC6 /* Preview Assets.xcassets in Resources */,
				15F67B032BF2177300EC8BC6 /* Assets.xcassets in Resources */,
			);
			runOnlyForDeploymentPostprocessing = 0;
		};
		15F67B092BF2177300EC8BC6 /* Resources */ = {
			isa = PBXResourcesBuildPhase;
			buildActionMask = 2147483647;
			files = (
			);
			runOnlyForDeploymentPostprocessing = 0;
		};
		15F67B132BF2177300EC8BC6 /* Resources */ = {
			isa = PBXResourcesBuildPhase;
			buildActionMask = 2147483647;
			files = (
			);
			runOnlyForDeploymentPostprocessing = 0;
		};
/* End PBXResourcesBuildPhase section */

/* Begin PBXSourcesBuildPhase section */
		15F67AF72BF2177100EC8BC6 /* Sources */ = {
			isa = PBXSourcesBuildPhase;
			buildActionMask = 2147483647;
			files = (
				15F67B2D2BF2ABF600EC8BC6 /* Restaurant.swift in Sources */,
				15F67B292BF2AB4A00EC8BC6 /* ViewRestaurantCard.swift in Sources */,
				15F67B012BF2177100EC8BC6 /* ContentView.swift in Sources */,
				15F67AFF2BF2177100EC8BC6 /* um_iosApp.swift in Sources */,
				15F67B2B2BF2ABAE00EC8BC6 /* Styles.swift in Sources */,
			);
			runOnlyForDeploymentPostprocessing = 0;
		};
		15F67B072BF2177300EC8BC6 /* Sources */ = {
			isa = PBXSourcesBuildPhase;
			buildActionMask = 2147483647;
			files = (
				15F67B102BF2177300EC8BC6 /* um_iosTests.swift in Sources */,
			);
			runOnlyForDeploymentPostprocessing = 0;
		};
		15F67B112BF2177300EC8BC6 /* Sources */ = {
			isa = PBXSourcesBuildPhase;
			buildActionMask = 2147483647;
			files = (
				15F67B1C2BF2177300EC8BC6 /* um_iosUITestsLaunchTests.swift in Sources */,
				15F67B1A2BF2177300EC8BC6 /* um_iosUITests.swift in Sources */,
			);
			runOnlyForDeploymentPostprocessing = 0;
		};
/* End PBXSourcesBuildPhase section */

/* Begin PBXTargetDependency section */
		15F67B0D2BF2177300EC8BC6 /* PBXTargetDependency */ = {
			isa = PBXTargetDependency;
			target = 15F67AFA2BF2177100EC8BC6 /* um-ios */;
			targetProxy = 15F67B0C2BF2177300EC8BC6 /* PBXContainerItemProxy */;
		};
		15F67B172BF2177300EC8BC6 /* PBXTargetDependency */ = {
			isa = PBXTargetDependency;
			target = 15F67AFA2BF2177100EC8BC6 /* um-ios */;
			targetProxy = 15F67B162BF2177300EC8BC6 /* PBXContainerItemProxy */;
		};
/* End PBXTargetDependency section */

/* Begin XCBuildConfiguration section */
		15F67B1D2BF2177300EC8BC6 /* Debug */ = {
			isa = XCBuildConfiguration;
			buildSettings = {
				ALWAYS_SEARCH_USER_PATHS = NO;
				ASSETCATALOG_COMPILER_GENERATE_SWIFT_ASSET_SYMBOL_EXTENSIONS = YES;
				CLANG_ANALYZER_NONNULL = YES;
				CLANG_ANALYZER_NUMBER_OBJECT_CONVERSION = YES_AGGRESSIVE;
				CLANG_CXX_LANGUAGE_STANDARD = "gnu++20";
				CLANG_ENABLE_MODULES = YES;
				CLANG_ENABLE_OBJC_ARC = YES;
				CLANG_ENABLE_OBJC_WEAK = YES;
				CLANG_WARN_BLOCK_CAPTURE_AUTORELEASING = YES;
				CLANG_WARN_BOOL_CONVERSION = YES;
				CLANG_WARN_COMMA = YES;
				CLANG_WARN_CONSTANT_CONVERSION = YES;
				CLANG_WARN_DEPRECATED_OBJC_IMPLEMENTATIONS = YES;
				CLANG_WARN_DIRECT_OBJC_ISA_USAGE = YES_ERROR;
				CLANG_WARN_DOCUMENTATION_COMMENTS = YES;
				CLANG_WARN_EMPTY_BODY = YES;
				CLANG_WARN_ENUM_CONVERSION = YES;
				CLANG_WARN_INFINITE_RECURSION = YES;
				CLANG_WARN_INT_CONVERSION = YES;
				CLANG_WARN_NON_LITERAL_NULL_CONVERSION = YES;
				CLANG_WARN_OBJC_IMPLICIT_RETAIN_SELF = YES;
				CLANG_WARN_OBJC_LITERAL_CONVERSION = YES;
				CLANG_WARN_OBJC_ROOT_CLASS = YES_ERROR;
				CLANG_WARN_QUOTED_INCLUDE_IN_FRAMEWORK_HEADER = YES;
				CLANG_WARN_RANGE_LOOP_ANALYSIS = YES;
				CLANG_WARN_STRICT_PROTOTYPES = YES;
				CLANG_WARN_SUSPICIOUS_MOVE = YES;
				CLANG_WARN_UNGUARDED_AVAILABILITY = YES_AGGRESSIVE;
				CLANG_WARN_UNREACHABLE_CODE = YES;
				CLANG_WARN__DUPLICATE_METHOD_MATCH = YES;
				COPY_PHASE_STRIP = NO;
				DEBUG_INFORMATION_FORMAT = dwarf;
				ENABLE_STRICT_OBJC_MSGSEND = YES;
				ENABLE_TESTABILITY = YES;
				ENABLE_USER_SCRIPT_SANDBOXING = YES;
				GCC_C_LANGUAGE_STANDARD = gnu17;
				GCC_DYNAMIC_NO_PIC = NO;
				GCC_NO_COMMON_BLOCKS = YES;
				GCC_OPTIMIZATION_LEVEL = 0;
				GCC_PREPROCESSOR_DEFINITIONS = (
					"DEBUG=1",
					"$(inherited)",
				);
				GCC_WARN_64_TO_32_BIT_CONVERSION = YES;
				GCC_WARN_ABOUT_RETURN_TYPE = YES_ERROR;
				GCC_WARN_UNDECLARED_SELECTOR = YES;
				GCC_WARN_UNINITIALIZED_AUTOS = YES_AGGRESSIVE;
				GCC_WARN_UNUSED_FUNCTION = YES;
				GCC_WARN_UNUSED_VARIABLE = YES;
				IPHONEOS_DEPLOYMENT_TARGET = 17.4;
				LOCALIZATION_PREFERS_STRING_CATALOGS = YES;
				MTL_ENABLE_DEBUG_INFO = INCLUDE_SOURCE;
				MTL_FAST_MATH = YES;
				ONLY_ACTIVE_ARCH = YES;
				SDKROOT = iphoneos;
				SWIFT_ACTIVE_COMPILATION_CONDITIONS = "DEBUG $(inherited)";
				SWIFT_OPTIMIZATION_LEVEL = "-Onone";
			};
			name = Debug;
		};
		15F67B1E2BF2177300EC8BC6 /* Release */ = {
			isa = XCBuildConfiguration;
			buildSettings = {
				ALWAYS_SEARCH_USER_PATHS = NO;
				ASSETCATALOG_COMPILER_GENERATE_SWIFT_ASSET_SYMBOL_EXTENSIONS = YES;
				CLANG_ANALYZER_NONNULL = YES;
				CLANG_ANALYZER_NUMBER_OBJECT_CONVERSION = YES_AGGRESSIVE;
				CLANG_CXX_LANGUAGE_STANDARD = "gnu++20";
				CLANG_ENABLE_MODULES = YES;
				CLANG_ENABLE_OBJC_ARC = YES;
				CLANG_ENABLE_OBJC_WEAK = YES;
				CLANG_WARN_BLOCK_CAPTURE_AUTORELEASING = YES;
				CLANG_WARN_BOOL_CONVERSION = YES;
				CLANG_WARN_COMMA = YES;
				CLANG_WARN_CONSTANT_CONVERSION = YES;
				CLANG_WARN_DEPRECATED_OBJC_IMPLEMENTATIONS = YES;
				CLANG_WARN_DIRECT_OBJC_ISA_USAGE = YES_ERROR;
				CLANG_WARN_DOCUMENTATION_COMMENTS = YES;
				CLANG_WARN_EMPTY_BODY = YES;
				CLANG_WARN_ENUM_CONVERSION = YES;
				CLANG_WARN_INFINITE_RECURSION = YES;
				CLANG_WARN_INT_CONVERSION = YES;
				CLANG_WARN_NON_LITERAL_NULL_CONVERSION = YES;
				CLANG_WARN_OBJC_IMPLICIT_RETAIN_SELF = YES;
				CLANG_WARN_OBJC_LITERAL_CONVERSION = YES;
				CLANG_WARN_OBJC_ROOT_CLASS = YES_ERROR;
				CLANG_WARN_QUOTED_INCLUDE_IN_FRAMEWORK_HEADER = YES;
				CLANG_WARN_RANGE_LOOP_ANALYSIS = YES;
				CLANG_WARN_STRICT_PROTOTYPES = YES;
				CLANG_WARN_SUSPICIOUS_MOVE = YES;
				CLANG_WARN_UNGUARDED_AVAILABILITY = YES_AGGRESSIVE;
				CLANG_WARN_UNREACHABLE_CODE = YES;
				CLANG_WARN__DUPLICATE_METHOD_MATCH = YES;
				COPY_PHASE_STRIP = NO;
				DEBUG_INFORMATION_FORMAT = "dwarf-with-dsym";
				ENABLE_NS_ASSERTIONS = NO;
				ENABLE_STRICT_OBJC_MSGSEND = YES;
				ENABLE_USER_SCRIPT_SANDBOXING = YES;
				GCC_C_LANGUAGE_STANDARD = gnu17;
				GCC_NO_COMMON_BLOCKS = YES;
				GCC_WARN_64_TO_32_BIT_CONVERSION = YES;
				GCC_WARN_ABOUT_RETURN_TYPE = YES_ERROR;
				GCC_WARN_UNDECLARED_SELECTOR = YES;
				GCC_WARN_UNINITIALIZED_AUTOS = YES_AGGRESSIVE;
				GCC_WARN_UNUSED_FUNCTION = YES;
				GCC_WARN_UNUSED_VARIABLE = YES;
				IPHONEOS_DEPLOYMENT_TARGET = 17.4;
				LOCALIZATION_PREFERS_STRING_CATALOGS = YES;
				MTL_ENABLE_DEBUG_INFO = NO;
				MTL_FAST_MATH = YES;
				SDKROOT = iphoneos;
				SWIFT_COMPILATION_MODE = wholemodule;
				VALIDATE_PRODUCT = YES;
			};
			name = Release;
		};
		15F67B202BF2177300EC8BC6 /* Debug */ = {
			isa = XCBuildConfiguration;
			buildSettings = {
				ASSETCATALOG_COMPILER_APPICON_NAME = AppIcon;
				ASSETCATALOG_COMPILER_GLOBAL_ACCENT_COLOR_NAME = AccentColor;
				CODE_SIGN_STYLE = Automatic;
				CURRENT_PROJECT_VERSION = 1;
				DEVELOPMENT_ASSET_PATHS = "\"um-ios/Preview Content\"";
				DEVELOPMENT_TEAM = XAA222ZJAC;
				ENABLE_PREVIEWS = YES;
				GENERATE_INFOPLIST_FILE = YES;
				INFOPLIST_KEY_UIApplicationSceneManifest_Generation = YES;
				INFOPLIST_KEY_UIApplicationSupportsIndirectInputEvents = YES;
				INFOPLIST_KEY_UILaunchScreen_Generation = YES;
				INFOPLIST_KEY_UISupportedInterfaceOrientations_iPad = "UIInterfaceOrientationPortrait UIInterfaceOrientationPortraitUpsideDown UIInterfaceOrientationLandscapeLeft UIInterfaceOrientationLandscapeRight";
				INFOPLIST_KEY_UISupportedInterfaceOrientations_iPhone = "UIInterfaceOrientationPortrait UIInterfaceOrientationLandscapeLeft UIInterfaceOrientationLandscapeRight";
				LD_RUNPATH_SEARCH_PATHS = (
					"$(inherited)",
					"@executable_path/Frameworks",
				);
				MARKETING_VERSION = 1.0;
				PRODUCT_BUNDLE_IDENTIFIER = "com.kd.um-ios";
				PRODUCT_NAME = "$(TARGET_NAME)";
				SWIFT_EMIT_LOC_STRINGS = YES;
				SWIFT_VERSION = 5.0;
				TARGETED_DEVICE_FAMILY = "1,2";
			};
			name = Debug;
		};
		15F67B212BF2177300EC8BC6 /* Release */ = {
			isa = XCBuildConfiguration;
			buildSettings = {
				ASSETCATALOG_COMPILER_APPICON_NAME = AppIcon;
				ASSETCATALOG_COMPILER_GLOBAL_ACCENT_COLOR_NAME = AccentColor;
				CODE_SIGN_STYLE = Automatic;
				CURRENT_PROJECT_VERSION = 1;
				DEVELOPMENT_ASSET_PATHS = "\"um-ios/Preview Content\"";
				DEVELOPMENT_TEAM = XAA222ZJAC;
				ENABLE_PREVIEWS = YES;
				GENERATE_INFOPLIST_FILE = YES;
				INFOPLIST_KEY_UIApplicationSceneManifest_Generation = YES;
				INFOPLIST_KEY_UIApplicationSupportsIndirectInputEvents = YES;
				INFOPLIST_KEY_UILaunchScreen_Generation = YES;
				INFOPLIST_KEY_UISupportedInterfaceOrientations_iPad = "UIInterfaceOrientationPortrait UIInterfaceOrientationPortraitUpsideDown UIInterfaceOrientationLandscapeLeft UIInterfaceOrientationLandscapeRight";
				INFOPLIST_KEY_UISupportedInterfaceOrientations_iPhone = "UIInterfaceOrientationPortrait UIInterfaceOrientationLandscapeLeft UIInterfaceOrientationLandscapeRight";
				LD_RUNPATH_SEARCH_PATHS = (
					"$(inherited)",
					"@executable_path/Frameworks",
				);
				MARKETING_VERSION = 1.0;
				PRODUCT_BUNDLE_IDENTIFIER = "com.kd.um-ios";
				PRODUCT_NAME = "$(TARGET_NAME)";
				SWIFT_EMIT_LOC_STRINGS = YES;
				SWIFT_VERSION = 5.0;
				TARGETED_DEVICE_FAMILY = "1,2";
			};
			name = Release;
		};
		15F67B232BF2177300EC8BC6 /* Debug */ = {
			isa = XCBuildConfiguration;
			buildSettings = {
				ALWAYS_EMBED_SWIFT_STANDARD_LIBRARIES = YES;
				BUNDLE_LOADER = "$(TEST_HOST)";
				CODE_SIGN_STYLE = Automatic;
				CURRENT_PROJECT_VERSION = 1;
				DEVELOPMENT_TEAM = XAA222ZJAC;
				GENERATE_INFOPLIST_FILE = YES;
				IPHONEOS_DEPLOYMENT_TARGET = 17.4;
				MARKETING_VERSION = 1.0;
				PRODUCT_BUNDLE_IDENTIFIER = "com.kd.um-iosTests";
				PRODUCT_NAME = "$(TARGET_NAME)";
				SWIFT_EMIT_LOC_STRINGS = NO;
				SWIFT_VERSION = 5.0;
				TARGETED_DEVICE_FAMILY = "1,2";
				TEST_HOST = "$(BUILT_PRODUCTS_DIR)/um-ios.app/$(BUNDLE_EXECUTABLE_FOLDER_PATH)/um-ios";
			};
			name = Debug;
		};
		15F67B242BF2177300EC8BC6 /* Release */ = {
			isa = XCBuildConfiguration;
			buildSettings = {
				ALWAYS_EMBED_SWIFT_STANDARD_LIBRARIES = YES;
				BUNDLE_LOADER = "$(TEST_HOST)";
				CODE_SIGN_STYLE = Automatic;
				CURRENT_PROJECT_VERSION = 1;
				DEVELOPMENT_TEAM = XAA222ZJAC;
				GENERATE_INFOPLIST_FILE = YES;
				IPHONEOS_DEPLOYMENT_TARGET = 17.4;
				MARKETING_VERSION = 1.0;
				PRODUCT_BUNDLE_IDENTIFIER = "com.kd.um-iosTests";
				PRODUCT_NAME = "$(TARGET_NAME)";
				SWIFT_EMIT_LOC_STRINGS = NO;
				SWIFT_VERSION = 5.0;
				TARGETED_DEVICE_FAMILY = "1,2";
				TEST_HOST = "$(BUILT_PRODUCTS_DIR)/um-ios.app/$(BUNDLE_EXECUTABLE_FOLDER_PATH)/um-ios";
			};
			name = Release;
		};
		15F67B262BF2177300EC8BC6 /* Debug */ = {
			isa = XCBuildConfiguration;
			buildSettings = {
				ALWAYS_EMBED_SWIFT_STANDARD_LIBRARIES = YES;
				CODE_SIGN_STYLE = Automatic;
				CURRENT_PROJECT_VERSION = 1;
				DEVELOPMENT_TEAM = XAA222ZJAC;
				GENERATE_INFOPLIST_FILE = YES;
				MARKETING_VERSION = 1.0;
				PRODUCT_BUNDLE_IDENTIFIER = "com.kd.um-iosUITests";
				PRODUCT_NAME = "$(TARGET_NAME)";
				SWIFT_EMIT_LOC_STRINGS = NO;
				SWIFT_VERSION = 5.0;
				TARGETED_DEVICE_FAMILY = "1,2";
				TEST_TARGET_NAME = "um-ios";
			};
			name = Debug;
		};
		15F67B272BF2177300EC8BC6 /* Release */ = {
			isa = XCBuildConfiguration;
			buildSettings = {
				ALWAYS_EMBED_SWIFT_STANDARD_LIBRARIES = YES;
				CODE_SIGN_STYLE = Automatic;
				CURRENT_PROJECT_VERSION = 1;
				DEVELOPMENT_TEAM = XAA222ZJAC;
				GENERATE_INFOPLIST_FILE = YES;
				MARKETING_VERSION = 1.0;
				PRODUCT_BUNDLE_IDENTIFIER = "com.kd.um-iosUITests";
				PRODUCT_NAME = "$(TARGET_NAME)";
				SWIFT_EMIT_LOC_STRINGS = NO;
				SWIFT_VERSION = 5.0;
				TARGETED_DEVICE_FAMILY = "1,2";
				TEST_TARGET_NAME = "um-ios";
			};
			name = Release;
		};
/* End XCBuildConfiguration section */

/* Begin XCConfigurationList section */
		15F67AF62BF2177100EC8BC6 /* Build configuration list for PBXProject "um-ios" */ = {
			isa = XCConfigurationList;
			buildConfigurations = (
				15F67B1D2BF2177300EC8BC6 /* Debug */,
				15F67B1E2BF2177300EC8BC6 /* Release */,
			);
			defaultConfigurationIsVisible = 0;
			defaultConfigurationName = Release;
		};
		15F67B1F2BF2177300EC8BC6 /* Build configuration list for PBXNativeTarget "um-ios" */ = {
			isa = XCConfigurationList;
			buildConfigurations = (
				15F67B202BF2177300EC8BC6 /* Debug */,
				15F67B212BF2177300EC8BC6 /* Release */,
			);
			defaultConfigurationIsVisible = 0;
			defaultConfigurationName = Release;
		};
		15F67B222BF2177300EC8BC6 /* Build configuration list for PBXNativeTarget "um-iosTests" */ = {
			isa = XCConfigurationList;
			buildConfigurations = (
				15F67B232BF2177300EC8BC6 /* Debug */,
				15F67B242BF2177300EC8BC6 /* Release */,
			);
			defaultConfigurationIsVisible = 0;
			defaultConfigurationName = Release;
		};
		15F67B252BF2177300EC8BC6 /* Build configuration list for PBXNativeTarget "um-iosUITests" */ = {
			isa = XCConfigurationList;
			buildConfigurations = (
				15F67B262BF2177300EC8BC6 /* Debug */,
				15F67B272BF2177300EC8BC6 /* Release */,
			);
			defaultConfigurationIsVisible = 0;
			defaultConfigurationName = Release;
		};
/* End XCConfigurationList section */
	};
	rootObject = 15F67AF32BF2177100EC8BC6 /* Project object */;
}
